
Microsoft Visual Studio Solution File, Format Version 12.00
# Visual Studio Version 17
VisualStudioVersion = 17.0.31903.59
MinimumVisualStudioVersion = 10.0.40219.1
Project("{FAE04EC0-301F-11D3-BF4B-00C04F79EFBC}") = "Fourteen.Web", "Fourteen.Web\Fourteen.Web.csproj", "{521F89B0-056D-4B2C-B77A-7B639E21BED9}"
EndProject
Project("{FAE04EC0-301F-11D3-BF4B-00C04F79EFBC}") = "Thirteen.Web", "Thirteen.Web\Thirteen.Web.csproj", "{2CCEE0B9-A7B1-4750-AB8D-ADC0949E68EC}"
EndProject
Project("{FAE04EC0-301F-11D3-BF4B-00C04F79EFBC}") = "Thirteen.Extensions", "Thirteen.Extensions\Thirteen.Extensions.csproj", "{5A35CB31-C500-4E1D-8A5A-BA1308327849}"
EndProject
Project("{FAE04EC0-301F-11D3-BF4B-00C04F79EFBC}") = "Fourteen.Extensions", "Fourteen.Extensions\Fourteen.Extensions.csproj", "{2CFD80AF-A944-4445-9DFC-D65958FDA425}"
EndProject
Global
	GlobalSection(SolutionConfigurationPlatforms) = preSolution
		Debug|Any CPU = Debug|Any CPU
		Release|Any CPU = Release|Any CPU
	EndGlobalSection
	GlobalSection(SolutionProperties) = preSolution
		HideSolutionNode = FALSE
	EndGlobalSection
	GlobalSection(ProjectConfigurationPlatforms) = postSolution
		{521F89B0-056D-4B2C-B77A-7B639E21BED9}.Debug|Any CPU.ActiveCfg = Debug|Any CPU
		{521F89B0-056D-4B2C-B77A-7B639E21BED9}.Debug|Any CPU.Build.0 = Debug|Any CPU
		{521F89B0-056D-4B2C-B77A-7B639E21BED9}.Release|Any CPU.ActiveCfg = Release|Any CPU
		{521F89B0-056D-4B2C-B77A-7B639E21BED9}.Release|Any CPU.Build.0 = Release|Any CPU
		{2CCEE0B9-A7B1-4750-AB8D-ADC0949E68EC}.Debug|Any CPU.ActiveCfg = Debug|Any CPU
		{2CCEE0B9-A7B1-4750-AB8D-ADC0949E68EC}.Debug|Any CPU.Build.0 = Debug|Any CPU
		{2CCEE0B9-A7B1-4750-AB8D-ADC0949E68EC}.Release|Any CPU.ActiveCfg = Release|Any CPU
		{2CCEE0B9-A7B1-4750-AB8D-ADC0949E68EC}.Release|Any CPU.Build.0 = Release|Any CPU
		{5A35CB31-C500-4E1D-8A5A-BA1308327849}.Debug|Any CPU.ActiveCfg = Debug|Any CPU
		{5A35CB31-C500-4E1D-8A5A-BA1308327849}.Debug|Any CPU.Build.0 = Debug|Any CPU
		{5A35CB31-C500-4E1D-8A5A-BA1308327849}.Release|Any CPU.ActiveCfg = Release|Any CPU
		{5A35CB31-C500-4E1D-8A5A-BA1308327849}.Release|Any CPU.Build.0 = Release|Any CPU
		{2CFD80AF-A944-4445-9DFC-D65958FDA425}.Debug|Any CPU.ActiveCfg = Debug|Any CPU
		{2CFD80AF-A944-4445-9DFC-D65958FDA425}.Debug|Any CPU.Build.0 = Debug|Any CPU
		{2CFD80AF-A944-4445-9DFC-D65958FDA425}.Release|Any CPU.ActiveCfg = Release|Any CPU
		{2CFD80AF-A944-4445-9DFC-D65958FDA425}.Release|Any CPU.Build.0 = Release|Any CPU
	EndGlobalSection
EndGlobal
